
Microsoft Visual Studio Solution File, Format Version 12.00
# Visual Studio 2015
Project("{FAE04EC0-301F-11D3-BF4B-00C04F79EFBC}") = "ForestWarClient_java_netty", "ForestWarClient_java_netty.csproj", "{4AAD8796-0D9A-A148-BEF8-13F47D7638E7}"
EndProject
Project("{FAE04EC0-301F-11D3-BF4B-00C04F79EFBC}") = "ForestWarClient_java_netty.Editor", "ForestWarClient_java_netty.Editor.csproj", "{4974A80F-2D79-5774-BEFE-8F6736F6A245}"
EndProject
Global
	GlobalSection(SolutionConfigurationPlatforms) = preSolution
		Debug|Any CPU = Debug|Any CPU
		Release|Any CPU = Release|Any CPU
	EndGlobalSection
	GlobalSection(ProjectConfigurationPlatforms) = postSolution
		{4AAD8796-0D9A-A148-BEF8-13F47D7638E7}.Debug|Any CPU.ActiveCfg = Debug|Any CPU
		{4AAD8796-0D9A-A148-BEF8-13F47D7638E7}.Debug|Any CPU.Build.0 = Debug|Any CPU
		{4AAD8796-0D9A-A148-BEF8-13F47D7638E7}.Release|Any CPU.ActiveCfg = Release|Any CPU
		{4AAD8796-0D9A-A148-BEF8-13F47D7638E7}.Release|Any CPU.Build.0 = Release|Any CPU
		{4974A80F-2D79-5774-BEFE-8F6736F6A245}.Debug|Any CPU.ActiveCfg = Debug|Any CPU
		{4974A80F-2D79-5774-BEFE-8F6736F6A245}.Debug|Any CPU.Build.0 = Debug|Any CPU
		{4974A80F-2D79-5774-BEFE-8F6736F6A245}.Release|Any CPU.ActiveCfg = Release|Any CPU
		{4974A80F-2D79-5774-BEFE-8F6736F6A245}.Release|Any CPU.Build.0 = Release|Any CPU
	EndGlobalSection
	GlobalSection(SolutionProperties) = preSolution
		HideSolutionNode = FALSE
	EndGlobalSection
EndGlobal
